
Microsoft Visual Studio Solution File, Format Version 12.00
# Visual Studio Version 17
VisualStudioVersion = 17.5.33502.453
MinimumVisualStudioVersion = 10.0.40219.1
Project("{9A19103F-16F7-4668-BE54-9A1E7A4F7556}") = "Ranequ.Messaging.Model", "src\Ranequ.Messaging.Model\Ranequ.Messaging.Model.csproj", "{6C26160B-1B66-4A7B-AD74-60A2C683059A}"
EndProject
Project("{FAE04EC0-301F-11D3-BF4B-00C04F79EFBC}") = "Ranequ.Messaging.Model.Tests", "test\Ranequ.Messaging.Model.Tests\Ranequ.Messaging.Model.Tests.csproj", "{356C3C11-F192-44BF-B888-6082C7E973D5}"
EndProject
Global
	GlobalSection(SolutionConfigurationPlatforms) = preSolution
		Debug|Any CPU = Debug|Any CPU
		Release|Any CPU = Release|Any CPU
	EndGlobalSection
	GlobalSection(ProjectConfigurationPlatforms) = postSolution
		{6C26160B-1B66-4A7B-AD74-60A2C683059A}.Debug|Any CPU.ActiveCfg = Debug|Any CPU
		{6C26160B-1B66-4A7B-AD74-60A2C683059A}.Debug|Any CPU.Build.0 = Debug|Any CPU
		{6C26160B-1B66-4A7B-AD74-60A2C683059A}.Release|Any CPU.ActiveCfg = Release|Any CPU
		{6C26160B-1B66-4A7B-AD74-60A2C683059A}.Release|Any CPU.Build.0 = Release|Any CPU
		{356C3C11-F192-44BF-B888-6082C7E973D5}.Debug|Any CPU.ActiveCfg = Debug|Any CPU
		{356C3C11-F192-44BF-B888-6082C7E973D5}.Debug|Any CPU.Build.0 = Debug|Any CPU
		{356C3C11-F192-44BF-B888-6082C7E973D5}.Release|Any CPU.ActiveCfg = Release|Any CPU
		{356C3C11-F192-44BF-B888-6082C7E973D5}.Release|Any CPU.Build.0 = Release|Any CPU
	EndGlobalSection
	GlobalSection(SolutionProperties) = preSolution
		HideSolutionNode = FALSE
	EndGlobalSection
	GlobalSection(ExtensibilityGlobals) = postSolution
		SolutionGuid = {61482729-3300-4053-9B56-E3A8BAB63B95}
	EndGlobalSection
EndGlobal
